
Microsoft Visual Studio Solution File, Format Version 12.00
# Visual Studio Version 17
VisualStudioVersion = 17.12.35527.113
MinimumVisualStudioVersion = 10.0.40219.1
Project("{FAE04EC0-301F-11D3-BF4B-00C04F79EFBC}") = "J-GUI_TS_Troubleshooter", "J-GUI_TS_Troubleshooter\J-GUI_TS_Troubleshooter.csproj", "{A772C296-C883-4359-962F-D7423A74997A}"
EndProject
Project("{2150E333-8FDC-42A3-9474-1A3956D46DE8}") = "Solution Items", "Solution Items", "{45061A1F-A5D4-4F9A-A043-DC8286517952}"
	ProjectSection(SolutionItems) = preProject
		readme.md = readme.md
		images\TSTS.PNG = images\TSTS.PNG
		images\TSTS_restart.PNG = images\TSTS_restart.PNG
		images\TSTS_XML.PNG = images\TSTS_XML.PNG
		images\TS_Complete.PNG = images\TS_Complete.PNG
		images\TS_MECM.PNG = images\TS_MECM.PNG
	EndProjectSection
EndProject
Global
	GlobalSection(SolutionConfigurationPlatforms) = preSolution
		Debug|Any CPU = Debug|Any CPU
		Debug|x64 = Debug|x64
		Release|Any CPU = Release|Any CPU
		Release|x64 = Release|x64
	EndGlobalSection
	GlobalSection(ProjectConfigurationPlatforms) = postSolution
		{A772C296-C883-4359-962F-D7423A74997A}.Debug|Any CPU.ActiveCfg = Debug|Any CPU
		{A772C296-C883-4359-962F-D7423A74997A}.Debug|Any CPU.Build.0 = Debug|Any CPU
		{A772C296-C883-4359-962F-D7423A74997A}.Debug|x64.ActiveCfg = Debug|x64
		{A772C296-C883-4359-962F-D7423A74997A}.Debug|x64.Build.0 = Debug|x64
		{A772C296-C883-4359-962F-D7423A74997A}.Release|Any CPU.ActiveCfg = Release|Any CPU
		{A772C296-C883-4359-962F-D7423A74997A}.Release|Any CPU.Build.0 = Release|Any CPU
		{A772C296-C883-4359-962F-D7423A74997A}.Release|x64.ActiveCfg = Release|x64
		{A772C296-C883-4359-962F-D7423A74997A}.Release|x64.Build.0 = Release|x64
	EndGlobalSection
	GlobalSection(SolutionProperties) = preSolution
		HideSolutionNode = FALSE
	EndGlobalSection
EndGlobal
